
Microsoft Visual Studio Solution File, Format Version 12.00
# Visual Studio Version 16
VisualStudioVersion = 16.0.31112.23
MinimumVisualStudioVersion = 10.0.40219.1
Project("{9A19103F-16F7-4668-BE54-9A1E7A4F7556}") = "HCatalyst", "HCatalyst.csproj", "{90F2D166-2809-47F1-94E7-25B67593F855}"
EndProject
Project("{FAE04EC0-301F-11D3-BF4B-00C04F79EFBC}") = "HCatalystTest", "..\HCatalystTest\HCatalystTest.csproj", "{5E7695FF-AD1A-4D30-9C56-BEA8C1794C73}"
EndProject
Global
	GlobalSection(SolutionConfigurationPlatforms) = preSolution
		Debug|Any CPU = Debug|Any CPU
		Release|Any CPU = Release|Any CPU
	EndGlobalSection
	GlobalSection(ProjectConfigurationPlatforms) = postSolution
		{90F2D166-2809-47F1-94E7-25B67593F855}.Debug|Any CPU.ActiveCfg = Debug|Any CPU
		{90F2D166-2809-47F1-94E7-25B67593F855}.Debug|Any CPU.Build.0 = Debug|Any CPU
		{90F2D166-2809-47F1-94E7-25B67593F855}.Release|Any CPU.ActiveCfg = Release|Any CPU
		{90F2D166-2809-47F1-94E7-25B67593F855}.Release|Any CPU.Build.0 = Release|Any CPU
		{5E7695FF-AD1A-4D30-9C56-BEA8C1794C73}.Debug|Any CPU.ActiveCfg = Debug|Any CPU
		{5E7695FF-AD1A-4D30-9C56-BEA8C1794C73}.Debug|Any CPU.Build.0 = Debug|Any CPU
		{5E7695FF-AD1A-4D30-9C56-BEA8C1794C73}.Release|Any CPU.ActiveCfg = Release|Any CPU
		{5E7695FF-AD1A-4D30-9C56-BEA8C1794C73}.Release|Any CPU.Build.0 = Release|Any CPU
	EndGlobalSection
	GlobalSection(SolutionProperties) = preSolution
		HideSolutionNode = FALSE
	EndGlobalSection
	GlobalSection(ExtensibilityGlobals) = postSolution
		SolutionGuid = {5CD278C6-9CB4-4505-83C9-5B1EC254D6FF}
	EndGlobalSection
EndGlobal
